// !$*UTF8*$!
{
	archiveVersion = 1;
	classes = {
	};
	objectVersion = 48;
	objects = {

/* Begin PBXBuildFile section */
		9FF21BBB203E5B93005F51DA /* AppDelegate.swift in Sources */ = {isa = PBXBuildFile; fileRef = 9FF21BBA203E5B93005F51DA /* AppDelegate.swift */; };
		9FF21BBD203E5B93005F51DA /* ViewController.swift in Sources */ = {isa = PBXBuildFile; fileRef = 9FF21BBC203E5B93005F51DA /* ViewController.swift */; };
		9FF21BC0203E5B93005F51DA /* Main.storyboard in Resources */ = {isa = PBXBuildFile; fileRef = 9FF21BBE203E5B93005F51DA /* Main.storyboard */; };
		9FF21BC2203E5B93005F51DA /* Assets.xcassets in Resources */ = {isa = PBXBuildFile; fileRef = 9FF21BC1203E5B93005F51DA /* Assets.xcassets */; };
		9FF21BC5203E5B93005F51DA /* LaunchScreen.storyboard in Resources */ = {isa = PBXBuildFile; fileRef = 9FF21BC3203E5B93005F51DA /* LaunchScreen.storyboard */; };
		9FF21BD0203E5B93005F51DA /* MDBSocialsTests.swift in Sources */ = {isa = PBXBuildFile; fileRef = 9FF21BCF203E5B93005F51DA /* MDBSocialsTests.swift */; };
		9FF21BDB203E5B93005F51DA /* MDBSocialsUITests.swift in Sources */ = {isa = PBXBuildFile; fileRef = 9FF21BDA203E5B93005F51DA /* MDBSocialsUITests.swift */; };
/* End PBXBuildFile section */

/* Begin PBXContainerItemProxy section */
		9FF21BCC203E5B93005F51DA /* PBXContainerItemProxy */ = {
			isa = PBXContainerItemProxy;
			containerPortal = 9FF21BAF203E5B93005F51DA /* Project object */;
			proxyType = 1;
			remoteGlobalIDString = 9FF21BB6203E5B93005F51DA;
			remoteInfo = MDBSocials;
		};
		9FF21BD7203E5B93005F51DA /* PBXContainerItemProxy */ = {
			isa = PBXContainerItemProxy;
			containerPortal = 9FF21BAF203E5B93005F51DA /* Project object */;
			proxyType = 1;
			remoteGlobalIDString = 9FF21BB6203E5B93005F51DA;
			remoteInfo = MDBSocials;
		};
/* End PBXContainerItemProxy section */

/* Begin PBXFileReference section */
		9FF21BB7203E5B93005F51DA /* MDBSocials.app */ = {isa = PBXFileReference; explicitFileType = wrapper.application; includeInIndex = 0; path = MDBSocials.app; sourceTree = BUILT_PRODUCTS_DIR; };
		9FF21BBA203E5B93005F51DA /* AppDelegate.swift */ = {isa = PBXFileReference; lastKnownFileType = sourcecode.swift; path = AppDelegate.swift; sourceTree = "<group>"; };
		9FF21BBC203E5B93005F51DA /* ViewController.swift */ = {isa = PBXFileReference; lastKnownFileType = sourcecode.swift; path = ViewController.swift; sourceTree = "<group>"; };
		9FF21BBF203E5B93005F51DA /* Base */ = {isa = PBXFileReference; lastKnownFileType = file.storyboard; name = Base; path = Base.lproj/Main.storyboard; sourceTree = "<group>"; };
		9FF21BC1203E5B93005F51DA /* Assets.xcassets */ = {isa = PBXFileReference; lastKnownFileType = folder.assetcatalog; path = Assets.xcassets; sourceTree = "<group>"; };
		9FF21BC4203E5B93005F51DA /* Base */ = {isa = PBXFileReference; lastKnownFileType = file.storyboard; name = Base; path = Base.lproj/LaunchScreen.storyboard; sourceTree = "<group>"; };
		9FF21BC6203E5B93005F51DA /* Info.plist */ = {isa = PBXFileReference; lastKnownFileType = text.plist.xml; path = Info.plist; sourceTree = "<group>"; };
		9FF21BCB203E5B93005F51DA /* MDBSocialsTests.xctest */ = {isa = PBXFileReference; explicitFileType = wrapper.cfbundle; includeInIndex = 0; path = MDBSocialsTests.xctest; sourceTree = BUILT_PRODUCTS_DIR; };
		9FF21BCF203E5B93005F51DA /* MDBSocialsTests.swift */ = {isa = PBXFileReference; lastKnownFileType = sourcecode.swift; path = MDBSocialsTests.swift; sourceTree = "<group>"; };
		9FF21BD1203E5B93005F51DA /* Info.plist */ = {isa = PBXFileReference; lastKnownFileType = text.plist.xml; path = Info.plist; sourceTree = "<group>"; };
		9FF21BD6203E5B93005F51DA /* MDBSocialsUITests.xctest */ = {isa = PBXFileReference; explicitFileType = wrapper.cfbundle; includeInIndex = 0; path = MDBSocialsUITests.xctest; sourceTree = BUILT_PRODUCTS_DIR; };
		9FF21BDA203E5B93005F51DA /* MDBSocialsUITests.swift */ = {isa = PBXFileReference; lastKnownFileType = sourcecode.swift; path = MDBSocialsUITests.swift; sourceTree = "<group>"; };
		9FF21BDC203E5B93005F51DA /* Info.plist */ = {isa = PBXFileReference; lastKnownFileType = text.plist.xml; path = Info.plist; sourceTree = "<group>"; };
/* End PBXFileReference section */

/* Begin PBXFrameworksBuildPhase section */
		9FF21BB4203E5B93005F51DA /* Frameworks */ = {
			isa = PBXFrameworksBuildPhase;
			buildActionMask = 2147483647;
			files = (
			);
			runOnlyForDeploymentPostprocessing = 0;
		};
		9FF21BC8203E5B93005F51DA /* Frameworks */ = {
			isa = PBXFrameworksBuildPhase;
			buildActionMask = 2147483647;
			files = (
			);
			runOnlyForDeploymentPostprocessing = 0;
		};
		9FF21BD3203E5B93005F51DA /* Frameworks */ = {
			isa = PBXFrameworksBuildPhase;
			buildActionMask = 2147483647;
			files = (
			);
			runOnlyForDeploymentPostprocessing = 0;
		};
/* End PBXFrameworksBuildPhase section */

/* Begin PBXGroup section */
		9FF21BAE203E5B93005F51DA = {
			isa = PBXGroup;
			children = (
				9FF21BB9203E5B93005F51DA /* MDBSocials */,
				9FF21BCE203E5B93005F51DA /* MDBSocialsTests */,
				9FF21BD9203E5B93005F51DA /* MDBSocialsUITests */,
				9FF21BB8203E5B93005F51DA /* Products */,
			);
			sourceTree = "<group>";
		};
		9FF21BB8203E5B93005F51DA /* Products */ = {
			isa = PBXGroup;
			children = (
				9FF21BB7203E5B93005F51DA /* MDBSocials.app */,
				9FF21BCB203E5B93005F51DA /* MDBSocialsTests.xctest */,
				9FF21BD6203E5B93005F51DA /* MDBSocialsUITests.xctest */,
			);
			name = Products;
			sourceTree = "<group>";
		};
		9FF21BB9203E5B93005F51DA /* MDBSocials */ = {
			isa = PBXGroup;
			children = (
				9FF21BBA203E5B93005F51DA /* AppDelegate.swift */,
				9FF21BBC203E5B93005F51DA /* ViewController.swift */,
				9FF21BBE203E5B93005F51DA /* Main.storyboard */,
				9FF21BC1203E5B93005F51DA /* Assets.xcassets */,
				9FF21BC3203E5B93005F51DA /* LaunchScreen.storyboard */,
				9FF21BC6203E5B93005F51DA /* Info.plist */,
			);
			path = MDBSocials;
			sourceTree = "<group>";
		};
		9FF21BCE203E5B93005F51DA /* MDBSocialsTests */ = {
			isa = PBXGroup;
			children = (
				9FF21BCF203E5B93005F51DA /* MDBSocialsTests.swift */,
				9FF21BD1203E5B93005F51DA /* Info.plist */,
			);
			path = MDBSocialsTests;
			sourceTree = "<group>";
		};
		9FF21BD9203E5B93005F51DA /* MDBSocialsUITests */ = {
			isa = PBXGroup;
			children = (
				9FF21BDA203E5B93005F51DA /* MDBSocialsUITests.swift */,
				9FF21BDC203E5B93005F51DA /* Info.plist */,
			);
			path = MDBSocialsUITests;
			sourceTree = "<group>";
		};
/* End PBXGroup section */

/* Begin PBXNativeTarget section */
		9FF21BB6203E5B93005F51DA /* MDBSocials */ = {
			isa = PBXNativeTarget;
			buildConfigurationList = 9FF21BDF203E5B93005F51DA /* Build configuration list for PBXNativeTarget "MDBSocials" */;
			buildPhases = (
				9FF21BB3203E5B93005F51DA /* Sources */,
				9FF21BB4203E5B93005F51DA /* Frameworks */,
				9FF21BB5203E5B93005F51DA /* Resources */,
			);
			buildRules = (
			);
			dependencies = (
			);
			name = MDBSocials;
			productName = MDBSocials;
			productReference = 9FF21BB7203E5B93005F51DA /* MDBSocials.app */;
			productType = "com.apple.product-type.application";
		};
		9FF21BCA203E5B93005F51DA /* MDBSocialsTests */ = {
			isa = PBXNativeTarget;
			buildConfigurationList = 9FF21BE2203E5B93005F51DA /* Build configuration list for PBXNativeTarget "MDBSocialsTests" */;
			buildPhases = (
				9FF21BC7203E5B93005F51DA /* Sources */,
				9FF21BC8203E5B93005F51DA /* Frameworks */,
				9FF21BC9203E5B93005F51DA /* Resources */,
			);
			buildRules = (
			);
			dependencies = (
				9FF21BCD203E5B93005F51DA /* PBXTargetDependency */,
			);
			name = MDBSocialsTests;
			productName = MDBSocialsTests;
			productReference = 9FF21BCB203E5B93005F51DA /* MDBSocialsTests.xctest */;
			productType = "com.apple.product-type.bundle.unit-test";
		};
		9FF21BD5203E5B93005F51DA /* MDBSocialsUITests */ = {
			isa = PBXNativeTarget;
			buildConfigurationList = 9FF21BE5203E5B93005F51DA /* Build configuration list for PBXNativeTarget "MDBSocialsUITests" */;
			buildPhases = (
				9FF21BD2203E5B93005F51DA /* Sources */,
				9FF21BD3203E5B93005F51DA /* Frameworks */,
				9FF21BD4203E5B93005F51DA /* Resources */,
			);
			buildRules = (
			);
			dependencies = (
				9FF21BD8203E5B93005F51DA /* PBXTargetDependency */,
			);
			name = MDBSocialsUITests;
			productName = MDBSocialsUITests;
			productReference = 9FF21BD6203E5B93005F51DA /* MDBSocialsUITests.xctest */;
			productType = "com.apple.product-type.bundle.ui-testing";
		};
/* End PBXNativeTarget section */

/* Begin PBXProject section */
		9FF21BAF203E5B93005F51DA /* Project object */ = {
			isa = PBXProject;
			attributes = {
				LastSwiftUpdateCheck = 0920;
				LastUpgradeCheck = 0920;
				ORGANIZATIONNAME = "___MaxAMiranda___";
				TargetAttributes = {
					9FF21BB6203E5B93005F51DA = {
						CreatedOnToolsVersion = 9.2;
						ProvisioningStyle = Automatic;
					};
					9FF21BCA203E5B93005F51DA = {
						CreatedOnToolsVersion = 9.2;
						ProvisioningStyle = Automatic;
						TestTargetID = 9FF21BB6203E5B93005F51DA;
					};
					9FF21BD5203E5B93005F51DA = {
						CreatedOnToolsVersion = 9.2;
						ProvisioningStyle = Automatic;
						TestTargetID = 9FF21BB6203E5B93005F51DA;
					};
				};
			};
			buildConfigurationList = 9FF21BB2203E5B93005F51DA /* Build configuration list for PBXProject "MDBSocials" */;
			compatibilityVersion = "Xcode 8.0";
			developmentRegion = en;
			hasScannedForEncodings = 0;
			knownRegions = (
				en,
				Base,
			);
			mainGroup = 9FF21BAE203E5B93005F51DA;
			productRefGroup = 9FF21BB8203E5B93005F51DA /* Products */;
			projectDirPath = "";
			projectRoot = "";
			targets = (
				9FF21BB6203E5B93005F51DA /* MDBSocials */,
				9FF21BCA203E5B93005F51DA /* MDBSocialsTests */,
				9FF21BD5203E5B93005F51DA /* MDBSocialsUITests */,
			);
		};
/* End PBXProject section */

/* Begin PBXResourcesBuildPhase section */
		9FF21BB5203E5B93005F51DA /* Resources */ = {
			isa = PBXResourcesBuildPhase;
			buildActionMask = 2147483647;
			files = (
				9FF21BC5203E5B93005F51DA /* LaunchScreen.storyboard in Resources */,
				9FF21BC2203E5B93005F51DA /* Assets.xcassets in Resources */,
				9FF21BC0203E5B93005F51DA /* Main.storyboard in Resources */,
			);
			runOnlyForDeploymentPostprocessing = 0;
		};
		9FF21BC9203E5B93005F51DA /* Resources */ = {
			isa = PBXResourcesBuildPhase;
			buildActionMask = 2147483647;
			files = (
			);
			runOnlyForDeploymentPostprocessing = 0;
		};
		9FF21BD4203E5B93005F51DA /* Resources */ = {
			isa = PBXResourcesBuildPhase;
			buildActionMask = 2147483647;
			files = (
			);
			runOnlyForDeploymentPostprocessing = 0;
		};
/* End PBXResourcesBuildPhase section */

/* Begin PBXSourcesBuildPhase section */
		9FF21BB3203E5B93005F51DA /* Sources */ = {
			isa = PBXSourcesBuildPhase;
			buildActionMask = 2147483647;
			files = (
				9FF21BBD203E5B93005F51DA /* ViewController.swift in Sources */,
				9FF21BBB203E5B93005F51DA /* AppDelegate.swift in Sources */,
			);
			runOnlyForDeploymentPostprocessing = 0;
		};
		9FF21BC7203E5B93005F51DA /* Sources */ = {
			isa = PBXSourcesBuildPhase;
			buildActionMask = 2147483647;
			files = (
				9FF21BD0203E5B93005F51DA /* MDBSocialsTests.swift in Sources */,
			);
			runOnlyForDeploymentPostprocessing = 0;
		};
		9FF21BD2203E5B93005F51DA /* Sources */ = {
			isa = PBXSourcesBuildPhase;
			buildActionMask = 2147483647;
			files = (
				9FF21BDB203E5B93005F51DA /* MDBSocialsUITests.swift in Sources */,
			);
			runOnlyForDeploymentPostprocessing = 0;
		};
/* End PBXSourcesBuildPhase section */

/* Begin PBXTargetDependency section */
		9FF21BCD203E5B93005F51DA /* PBXTargetDependency */ = {
			isa = PBXTargetDependency;
			target = 9FF21BB6203E5B93005F51DA /* MDBSocials */;
			targetProxy = 9FF21BCC203E5B93005F51DA /* PBXContainerItemProxy */;
		};
		9FF21BD8203E5B93005F51DA /* PBXTargetDependency */ = {
			isa = PBXTargetDependency;
			target = 9FF21BB6203E5B93005F51DA /* MDBSocials */;
			targetProxy = 9FF21BD7203E5B93005F51DA /* PBXContainerItemProxy */;
		};
/* End PBXTargetDependency section */

/* Begin PBXVariantGroup section */
		9FF21BBE203E5B93005F51DA /* Main.storyboard */ = {
			isa = PBXVariantGroup;
			children = (
				9FF21BBF203E5B93005F51DA /* Base */,
			);
			name = Main.storyboard;
			sourceTree = "<group>";
		};
		9FF21BC3203E5B93005F51DA /* LaunchScreen.storyboard */ = {
			isa = PBXVariantGroup;
			children = (
				9FF21BC4203E5B93005F51DA /* Base */,
			);
			name = LaunchScreen.storyboard;
			sourceTree = "<group>";
		};
/* End PBXVariantGroup section */

/* Begin XCBuildConfiguration section */
		9FF21BDD203E5B93005F51DA /* Debug */ = {
			isa = XCBuildConfiguration;
			buildSettings = {
				ALWAYS_SEARCH_USER_PATHS = NO;
				CLANG_ANALYZER_NONNULL = YES;
				CLANG_ANALYZER_NUMBER_OBJECT_CONVERSION = YES_AGGRESSIVE;
				CLANG_CXX_LANGUAGE_STANDARD = "gnu++14";
				CLANG_CXX_LIBRARY = "libc++";
				CLANG_ENABLE_MODULES = YES;
				CLANG_ENABLE_OBJC_ARC = YES;
				CLANG_WARN_BLOCK_CAPTURE_AUTORELEASING = YES;
				CLANG_WARN_BOOL_CONVERSION = YES;
				CLANG_WARN_COMMA = YES;
				CLANG_WARN_CONSTANT_CONVERSION = YES;
				CLANG_WARN_DIRECT_OBJC_ISA_USAGE = YES_ERROR;
				CLANG_WARN_DOCUMENTATION_COMMENTS = YES;
				CLANG_WARN_EMPTY_BODY = YES;
				CLANG_WARN_ENUM_CONVERSION = YES;
				CLANG_WARN_INFINITE_RECURSION = YES;
				CLANG_WARN_INT_CONVERSION = YES;
				CLANG_WARN_NON_LITERAL_NULL_CONVERSION = YES;
				CLANG_WARN_OBJC_LITERAL_CONVERSION = YES;
				CLANG_WARN_OBJC_ROOT_CLASS = YES_ERROR;
				CLANG_WARN_RANGE_LOOP_ANALYSIS = YES;
				CLANG_WARN_STRICT_PROTOTYPES = YES;
				CLANG_WARN_SUSPICIOUS_MOVE = YES;
				CLANG_WARN_UNGUARDED_AVAILABILITY = YES_AGGRESSIVE;
				CLANG_WARN_UNREACHABLE_CODE = YES;
				CLANG_WARN__DUPLICATE_METHOD_MATCH = YES;
				CODE_SIGN_IDENTITY = "iPhone Developer";
				COPY_PHASE_STRIP = NO;
				DEBUG_INFORMATION_FORMAT = dwarf;
				ENABLE_STRICT_OBJC_MSGSEND = YES;
				ENABLE_TESTABILITY = YES;
				GCC_C_LANGUAGE_STANDARD = gnu11;
				GCC_DYNAMIC_NO_PIC = NO;
				GCC_NO_COMMON_BLOCKS = YES;
				GCC_OPTIMIZATION_LEVEL = 0;
				GCC_PREPROCESSOR_DEFINITIONS = (
					"DEBUG=1",
					"$(inherited)",
				);
				GCC_WARN_64_TO_32_BIT_CONVERSION = YES;
				GCC_WARN_ABOUT_RETURN_TYPE = YES_ERROR;
				GCC_WARN_UNDECLARED_SELECTOR = YES;
				GCC_WARN_UNINITIALIZED_AUTOS = YES_AGGRESSIVE;
				GCC_WARN_UNUSED_FUNCTION = YES;
				GCC_WARN_UNUSED_VARIABLE = YES;
				IPHONEOS_DEPLOYMENT_TARGET = 11.2;
				MTL_ENABLE_DEBUG_INFO = YES;
				ONLY_ACTIVE_ARCH = YES;
				SDKROOT = iphoneos;
				SWIFT_ACTIVE_COMPILATION_CONDITIONS = DEBUG;
				SWIFT_OPTIMIZATION_LEVEL = "-Onone";
			};
			name = Debug;
		};
		9FF21BDE203E5B93005F51DA /* Release */ = {
			isa = XCBuildConfiguration;
			buildSettings = {
				ALWAYS_SEARCH_USER_PATHS = NO;
				CLANG_ANALYZER_NONNULL = YES;
				CLANG_ANALYZER_NUMBER_OBJECT_CONVERSION = YES_AGGRESSIVE;
				CLANG_CXX_LANGUAGE_STANDARD = "gnu++14";
				CLANG_CXX_LIBRARY = "libc++";
				CLANG_ENABLE_MODULES = YES;
				CLANG_ENABLE_OBJC_ARC = YES;
				CLANG_WARN_BLOCK_CAPTURE_AUTORELEASING = YES;
				CLANG_WARN_BOOL_CONVERSION = YES;
				CLANG_WARN_COMMA = YES;
				CLANG_WARN_CONSTANT_CONVERSION = YES;
				CLANG_WARN_DIRECT_OBJC_ISA_USAGE = YES_ERROR;
				CLANG_WARN_DOCUMENTATION_COMMENTS = YES;
				CLANG_WARN_EMPTY_BODY = YES;
				CLANG_WARN_ENUM_CONVERSION = YES;
				CLANG_WARN_INFINITE_RECURSION = YES;
				CLANG_WARN_INT_CONVERSION = YES;
				CLANG_WARN_NON_LITERAL_NULL_CONVERSION = YES;
				CLANG_WARN_OBJC_LITERAL_CONVERSION = YES;
				CLANG_WARN_OBJC_ROOT_CLASS = YES_ERROR;
				CLANG_WARN_RANGE_LOOP_ANALYSIS = YES;
				CLANG_WARN_STRICT_PROTOTYPES = YES;
				CLANG_WARN_SUSPICIOUS_MOVE = YES;
				CLANG_WARN_UNGUARDED_AVAILABILITY = YES_AGGRESSIVE;
				CLANG_WARN_UNREACHABLE_CODE = YES;
				CLANG_WARN__DUPLICATE_METHOD_MATCH = YES;
				CODE_SIGN_IDENTITY = "iPhone Developer";
				COPY_PHASE_STRIP = NO;
				DEBUG_INFORMATION_FORMAT = "dwarf-with-dsym";
				ENABLE_NS_ASSERTIONS = NO;
				ENABLE_STRICT_OBJC_MSGSEND = YES;
				GCC_C_LANGUAGE_STANDARD = gnu11;
				GCC_NO_COMMON_BLOCKS = YES;
				GCC_WARN_64_TO_32_BIT_CONVERSION = YES;
				GCC_WARN_ABOUT_RETURN_TYPE = YES_ERROR;
				GCC_WARN_UNDECLARED_SELECTOR = YES;
				GCC_WARN_UNINITIALIZED_AUTOS = YES_AGGRESSIVE;
				GCC_WARN_UNUSED_FUNCTION = YES;
				GCC_WARN_UNUSED_VARIABLE = YES;
				IPHONEOS_DEPLOYMENT_TARGET = 11.2;
				MTL_ENABLE_DEBUG_INFO = NO;
				SDKROOT = iphoneos;
				SWIFT_OPTIMIZATION_LEVEL = "-Owholemodule";
				VALIDATE_PRODUCT = YES;
			};
			name = Release;
		};
		9FF21BE0203E5B93005F51DA /* Debug */ = {
			isa = XCBuildConfiguration;
			buildSettings = {
				ASSETCATALOG_COMPILER_APPICON_NAME = AppIcon;
				CODE_SIGN_STYLE = Automatic;
				DEVELOPMENT_TEAM = SVB4USWED5;
				INFOPLIST_FILE = MDBSocials/Info.plist;
				LD_RUNPATH_SEARCH_PATHS = "$(inherited) @executable_path/Frameworks";
				PRODUCT_BUNDLE_IDENTIFIER = com.maxmiranda.MDBSocials;
				PRODUCT_NAME = "$(TARGET_NAME)";
				SWIFT_VERSION = 4.0;
				TARGETED_DEVICE_FAMILY = "1,2";
			};
			name = Debug;
		};
		9FF21BE1203E5B93005F51DA /* Release */ = {
			isa = XCBuildConfiguration;
			buildSettings = {
				ASSETCATALOG_COMPILER_APPICON_NAME = AppIcon;
				CODE_SIGN_STYLE = Automatic;
				DEVELOPMENT_TEAM = SVB4USWED5;
				INFOPLIST_FILE = MDBSocials/Info.plist;
				LD_RUNPATH_SEARCH_PATHS = "$(inherited) @executable_path/Frameworks";
				PRODUCT_BUNDLE_IDENTIFIER = com.maxmiranda.MDBSocials;
				PRODUCT_NAME = "$(TARGET_NAME)";
				SWIFT_VERSION = 4.0;
				TARGETED_DEVICE_FAMILY = "1,2";
			};
			name = Release;
		};
		9FF21BE3203E5B93005F51DA /* Debug */ = {
			isa = XCBuildConfiguration;
			buildSettings = {
				ALWAYS_EMBED_SWIFT_STANDARD_LIBRARIES = YES;
				BUNDLE_LOADER = "$(TEST_HOST)";
				CODE_SIGN_STYLE = Automatic;
				DEVELOPMENT_TEAM = SVB4USWED5;
				INFOPLIST_FILE = MDBSocialsTests/Info.plist;
				LD_RUNPATH_SEARCH_PATHS = "$(inherited) @executable_path/Frameworks @loader_path/Frameworks";
				PRODUCT_BUNDLE_IDENTIFIER = com.maxmiranda.MDBSocialsTests;
				PRODUCT_NAME = "$(TARGET_NAME)";
				SWIFT_VERSION = 4.0;
				TARGETED_DEVICE_FAMILY = "1,2";
				TEST_HOST = "$(BUILT_PRODUCTS_DIR)/MDBSocials.app/MDBSocials";
			};
			name = Debug;
		};
		9FF21BE4203E5B93005F51DA /* Release */ = {
			isa = XCBuildConfiguration;
			buildSettings = {
				ALWAYS_EMBED_SWIFT_STANDARD_LIBRARIES = YES;
				BUNDLE_LOADER = "$(TEST_HOST)";
				CODE_SIGN_STYLE = Automatic;
				DEVELOPMENT_TEAM = SVB4USWED5;
				INFOPLIST_FILE = MDBSocialsTests/Info.plist;
				LD_RUNPATH_SEARCH_PATHS = "$(inherited) @executable_path/Frameworks @loader_path/Frameworks";
				PRODUCT_BUNDLE_IDENTIFIER = com.maxmiranda.MDBSocialsTests;
				PRODUCT_NAME = "$(TARGET_NAME)";
				SWIFT_VERSION = 4.0;
				TARGETED_DEVICE_FAMILY = "1,2";
				TEST_HOST = "$(BUILT_PRODUCTS_DIR)/MDBSocials.app/MDBSocials";
			};
			name = Release;
		};
		9FF21BE6203E5B93005F51DA /* Debug */ = {
			isa = XCBuildConfiguration;
			buildSettings = {
				ALWAYS_EMBED_SWIFT_STANDARD_LIBRARIES = YES;
				CODE_SIGN_STYLE = Automatic;
				DEVELOPMENT_TEAM = SVB4USWED5;
				INFOPLIST_FILE = MDBSocialsUITests/Info.plist;
				LD_RUNPATH_SEARCH_PATHS = "$(inherited) @executable_path/Frameworks @loader_path/Frameworks";
				PRODUCT_BUNDLE_IDENTIFIER = com.maxmiranda.MDBSocialsUITests;
				PRODUCT_NAME = "$(TARGET_NAME)";
				SWIFT_VERSION = 4.0;
				TARGETED_DEVICE_FAMILY = "1,2";
				TEST_TARGET_NAME = MDBSocials;
			};
			name = Debug;
		};
		9FF21BE7203E5B93005F51DA /* Release */ = {
			isa = XCBuildConfiguration;
			buildSettings = {
				ALWAYS_EMBED_SWIFT_STANDARD_LIBRARIES = YES;
				CODE_SIGN_STYLE = Automatic;
				DEVELOPMENT_TEAM = SVB4USWED5;
				INFOPLIST_FILE = MDBSocialsUITests/Info.plist;
				LD_RUNPATH_SEARCH_PATHS = "$(inherited) @executable_path/Frameworks @loader_path/Frameworks";
				PRODUCT_BUNDLE_IDENTIFIER = com.maxmiranda.MDBSocialsUITests;
				PRODUCT_NAME = "$(TARGET_NAME)";
				SWIFT_VERSION = 4.0;
				TARGETED_DEVICE_FAMILY = "1,2";
				TEST_TARGET_NAME = MDBSocials;
			};
			name = Release;
		};
/* End XCBuildConfiguration section */

/* Begin XCConfigurationList section */
		9FF21BB2203E5B93005F51DA /* Build configuration list for PBXProject "MDBSocials" */ = {
			isa = XCConfigurationList;
			buildConfigurations = (
				9FF21BDD203E5B93005F51DA /* Debug */,
				9FF21BDE203E5B93005F51DA /* Release */,
			);
			defaultConfigurationIsVisible = 0;
			defaultConfigurationName = Release;
		};
		9FF21BDF203E5B93005F51DA /* Build configuration list for PBXNativeTarget "MDBSocials" */ = {
			isa = XCConfigurationList;
			buildConfigurations = (
				9FF21BE0203E5B93005F51DA /* Debug */,
				9FF21BE1203E5B93005F51DA /* Release */,
			);
			defaultConfigurationIsVisible = 0;
			defaultConfigurationName = Release;
		};
		9FF21BE2203E5B93005F51DA /* Build configuration list for PBXNativeTarget "MDBSocialsTests" */ = {
			isa = XCConfigurationList;
			buildConfigurations = (
				9FF21BE3203E5B93005F51DA /* Debug */,
				9FF21BE4203E5B93005F51DA /* Release */,
			);
			defaultConfigurationIsVisible = 0;
			defaultConfigurationName = Release;
		};
		9FF21BE5203E5B93005F51DA /* Build configuration list for PBXNativeTarget "MDBSocialsUITests" */ = {
			isa = XCConfigurationList;
			buildConfigurations = (
				9FF21BE6203E5B93005F51DA /* Debug */,
				9FF21BE7203E5B93005F51DA /* Release */,
			);
			defaultConfigurationIsVisible = 0;
			defaultConfigurationName = Release;
		};
/* End XCConfigurationList section */
	};
	rootObject = 9FF21BAF203E5B93005F51DA /* Project object */;
}
